
Microsoft Visual Studio Solution File, Format Version 12.00
# Visual Studio 15
VisualStudioVersion = 15.0.28307.572
MinimumVisualStudioVersion = 10.0.40219.1
Project("{FAE04EC0-301F-11D3-BF4B-00C04F79EFBC}") = "colorPanel", "colorPanel\colorPanel.csproj", "{167923A8-ACA0-40EB-B086-E3BD01359D30}"
EndProject
Project("{FAE04EC0-301F-11D3-BF4B-00C04F79EFBC}") = "Lab7_button", "..\Lab7_button\Lab7_button\Lab7_button.csproj", "{2739EC3E-1E60-4FE4-AC5A-1340361E74F3}"
EndProject
Global
	GlobalSection(SolutionConfigurationPlatforms) = preSolution
		Debug|Any CPU = Debug|Any CPU
		Release|Any CPU = Release|Any CPU
	EndGlobalSection
	GlobalSection(ProjectConfigurationPlatforms) = postSolution
		{167923A8-ACA0-40EB-B086-E3BD01359D30}.Debug|Any CPU.ActiveCfg = Debug|Any CPU
		{167923A8-ACA0-40EB-B086-E3BD01359D30}.Debug|Any CPU.Build.0 = Debug|Any CPU
		{167923A8-ACA0-40EB-B086-E3BD01359D30}.Release|Any CPU.ActiveCfg = Release|Any CPU
		{167923A8-ACA0-40EB-B086-E3BD01359D30}.Release|Any CPU.Build.0 = Release|Any CPU
		{2739EC3E-1E60-4FE4-AC5A-1340361E74F3}.Debug|Any CPU.ActiveCfg = Debug|Any CPU
		{2739EC3E-1E60-4FE4-AC5A-1340361E74F3}.Debug|Any CPU.Build.0 = Debug|Any CPU
		{2739EC3E-1E60-4FE4-AC5A-1340361E74F3}.Release|Any CPU.ActiveCfg = Release|Any CPU
		{2739EC3E-1E60-4FE4-AC5A-1340361E74F3}.Release|Any CPU.Build.0 = Release|Any CPU
	EndGlobalSection
	GlobalSection(SolutionProperties) = preSolution
		HideSolutionNode = FALSE
	EndGlobalSection
	GlobalSection(ExtensibilityGlobals) = postSolution
		SolutionGuid = {DB33CC22-55EB-4185-89E2-0F3E6F305221}
	EndGlobalSection
EndGlobal
